
Microsoft Visual Studio Solution File, Format Version 12.00
# Visual Studio Version 16
VisualStudioVersion = 16.0.31321.278
MinimumVisualStudioVersion = 10.0.40219.1
Project("{9A19103F-16F7-4668-BE54-9A1E7A4F7556}") = "SpotOn", "SpotOn\SpotOn.csproj", "{9CD412E3-7ACB-425E-A2A3-4AD32CD73834}"
EndProject
Global
	GlobalSection(SolutionConfigurationPlatforms) = preSolution
		Debug|Any CPU = Debug|Any CPU
		Release|Any CPU = Release|Any CPU
	EndGlobalSection
	GlobalSection(ProjectConfigurationPlatforms) = postSolution
		{9CD412E3-7ACB-425E-A2A3-4AD32CD73834}.Debug|Any CPU.ActiveCfg = Debug|Any CPU
		{9CD412E3-7ACB-425E-A2A3-4AD32CD73834}.Debug|Any CPU.Build.0 = Debug|Any CPU
		{9CD412E3-7ACB-425E-A2A3-4AD32CD73834}.Release|Any CPU.ActiveCfg = Release|Any CPU
		{9CD412E3-7ACB-425E-A2A3-4AD32CD73834}.Release|Any CPU.Build.0 = Release|Any CPU
	EndGlobalSection
	GlobalSection(SolutionProperties) = preSolution
		HideSolutionNode = FALSE
	EndGlobalSection
	GlobalSection(ExtensibilityGlobals) = postSolution
		SolutionGuid = {79B1CE24-DF9D-4F8B-8F01-24FDDC7C7375}
	EndGlobalSection
EndGlobal
